
Microsoft Visual Studio Solution File, Format Version 12.00
# Visual Studio Version 16
VisualStudioVersion = 16.0.29519.87
MinimumVisualStudioVersion = 10.0.40219.1
Project("{FAE04EC0-301F-11D3-BF4B-00C04F79EFBC}") = "CRUD-Entity-Framework", "CRUD-Entity-Framework\CRUD-Entity-Framework.csproj", "{4264CB45-9B3C-4472-AB35-3304A9E7704C}"
EndProject
Global
	GlobalSection(SolutionConfigurationPlatforms) = preSolution
		Debug|Any CPU = Debug|Any CPU
		Release|Any CPU = Release|Any CPU
	EndGlobalSection
	GlobalSection(ProjectConfigurationPlatforms) = postSolution
		{4264CB45-9B3C-4472-AB35-3304A9E7704C}.Debug|Any CPU.ActiveCfg = Debug|Any CPU
		{4264CB45-9B3C-4472-AB35-3304A9E7704C}.Debug|Any CPU.Build.0 = Debug|Any CPU
		{4264CB45-9B3C-4472-AB35-3304A9E7704C}.Release|Any CPU.ActiveCfg = Release|Any CPU
		{4264CB45-9B3C-4472-AB35-3304A9E7704C}.Release|Any CPU.Build.0 = Release|Any CPU
	EndGlobalSection
	GlobalSection(SolutionProperties) = preSolution
		HideSolutionNode = FALSE
	EndGlobalSection
	GlobalSection(ExtensibilityGlobals) = postSolution
		SolutionGuid = {A69D50E1-9658-41EC-A504-C8B6FED2E13E}
	EndGlobalSection
EndGlobal
